
Microsoft Visual Studio Solution File, Format Version 12.00
# Visual Studio 15
VisualStudioVersion = 15.0.26228.9
MinimumVisualStudioVersion = 10.0.40219.1
Project("{2150E333-8FDC-42A3-9474-1A3956D46DE8}") = "Server", "Server", "{2E083B56-E7D9-45F0-BC56-D608FF4E1BE6}"
EndProject
Project("{FAE04EC0-301F-11D3-BF4B-00C04F79EFBC}") = "Schedule.Domain", "Schedule.Domain\Schedule.Domain.csproj", "{557B0BE8-3BF6-4953-9436-9900BEC62E9E}"
EndProject
Project("{FAE04EC0-301F-11D3-BF4B-00C04F79EFBC}") = "Schedule.BLL", "Schedule.BLL\Schedule.BLL.csproj", "{1FED74F2-8317-4828-BD1D-9B550CC78BC9}"
	ProjectSection(ProjectDependencies) = postProject
		{557B0BE8-3BF6-4953-9436-9900BEC62E9E} = {557B0BE8-3BF6-4953-9436-9900BEC62E9E}
	EndProjectSection
EndProject
Project("{FAE04EC0-301F-11D3-BF4B-00C04F79EFBC}") = "Schedule.DAL", "Schedule.DAL\Schedule.DAL.csproj", "{D8CB9CE1-84F4-4367-96C8-125AA2C883DB}"
EndProject
Project("{2150E333-8FDC-42A3-9474-1A3956D46DE8}") = "Tests", "Tests", "{4A069A21-DB01-472E-B17C-3FFD537583B0}"
EndProject
Project("{FAE04EC0-301F-11D3-BF4B-00C04F79EFBC}") = "Schedule.BLL.Tests", "Schedule.BLL.Tests\Schedule.BLL.Tests.csproj", "{49157883-568D-4D5F-B114-FDD61DD187B5}"
EndProject
Project("{FAE04EC0-301F-11D3-BF4B-00C04F79EFBC}") = "Schedule.Integration.Tests", "Schedule.Integration.Tests\Schedule.Integration.Tests.csproj", "{A654D13E-CEC7-4CA4-A5DF-9D6664F4ACD2}"
EndProject
Project("{2150E333-8FDC-42A3-9474-1A3956D46DE8}") = "API", "API", "{FE16B91F-CCB4-466C-BFB2-49735C986A68}"
EndProject
Project("{FAE04EC0-301F-11D3-BF4B-00C04F79EFBC}") = "Schedule.API", "Schedule.API\Schedule.API.csproj", "{8A47D945-6A65-4052-925A-670C1DBFF2C0}"
EndProject
Project("{FAE04EC0-301F-11D3-BF4B-00C04F79EFBC}") = "Schedule.DTO", "Schedule.DTO\Schedule.DTO.csproj", "{70230A9D-66E9-45BA-A7AA-5B508BA53B0B}"
EndProject
Global
	GlobalSection(SolutionConfigurationPlatforms) = preSolution
		Debug|Any CPU = Debug|Any CPU
		Release|Any CPU = Release|Any CPU
		Test|Any CPU = Test|Any CPU
	EndGlobalSection
	GlobalSection(ProjectConfigurationPlatforms) = postSolution
		{557B0BE8-3BF6-4953-9436-9900BEC62E9E}.Debug|Any CPU.ActiveCfg = Debug|Any CPU
		{557B0BE8-3BF6-4953-9436-9900BEC62E9E}.Debug|Any CPU.Build.0 = Debug|Any CPU
		{557B0BE8-3BF6-4953-9436-9900BEC62E9E}.Release|Any CPU.ActiveCfg = Release|Any CPU
		{557B0BE8-3BF6-4953-9436-9900BEC62E9E}.Release|Any CPU.Build.0 = Release|Any CPU
		{557B0BE8-3BF6-4953-9436-9900BEC62E9E}.Test|Any CPU.ActiveCfg = Release|Any CPU
		{557B0BE8-3BF6-4953-9436-9900BEC62E9E}.Test|Any CPU.Build.0 = Release|Any CPU
		{1FED74F2-8317-4828-BD1D-9B550CC78BC9}.Debug|Any CPU.ActiveCfg = Debug|Any CPU
		{1FED74F2-8317-4828-BD1D-9B550CC78BC9}.Debug|Any CPU.Build.0 = Debug|Any CPU
		{1FED74F2-8317-4828-BD1D-9B550CC78BC9}.Release|Any CPU.ActiveCfg = Release|Any CPU
		{1FED74F2-8317-4828-BD1D-9B550CC78BC9}.Release|Any CPU.Build.0 = Release|Any CPU
		{1FED74F2-8317-4828-BD1D-9B550CC78BC9}.Test|Any CPU.ActiveCfg = Release|Any CPU
		{1FED74F2-8317-4828-BD1D-9B550CC78BC9}.Test|Any CPU.Build.0 = Release|Any CPU
		{D8CB9CE1-84F4-4367-96C8-125AA2C883DB}.Debug|Any CPU.ActiveCfg = Debug|Any CPU
		{D8CB9CE1-84F4-4367-96C8-125AA2C883DB}.Debug|Any CPU.Build.0 = Debug|Any CPU
		{D8CB9CE1-84F4-4367-96C8-125AA2C883DB}.Release|Any CPU.ActiveCfg = Release|Any CPU
		{D8CB9CE1-84F4-4367-96C8-125AA2C883DB}.Release|Any CPU.Build.0 = Release|Any CPU
		{D8CB9CE1-84F4-4367-96C8-125AA2C883DB}.Test|Any CPU.ActiveCfg = Release|Any CPU
		{D8CB9CE1-84F4-4367-96C8-125AA2C883DB}.Test|Any CPU.Build.0 = Release|Any CPU
		{49157883-568D-4D5F-B114-FDD61DD187B5}.Debug|Any CPU.ActiveCfg = Debug|Any CPU
		{49157883-568D-4D5F-B114-FDD61DD187B5}.Debug|Any CPU.Build.0 = Debug|Any CPU
		{49157883-568D-4D5F-B114-FDD61DD187B5}.Release|Any CPU.ActiveCfg = Release|Any CPU
		{49157883-568D-4D5F-B114-FDD61DD187B5}.Release|Any CPU.Build.0 = Release|Any CPU
		{49157883-568D-4D5F-B114-FDD61DD187B5}.Test|Any CPU.ActiveCfg = Release|Any CPU
		{49157883-568D-4D5F-B114-FDD61DD187B5}.Test|Any CPU.Build.0 = Release|Any CPU
		{A654D13E-CEC7-4CA4-A5DF-9D6664F4ACD2}.Debug|Any CPU.ActiveCfg = Debug|Any CPU
		{A654D13E-CEC7-4CA4-A5DF-9D6664F4ACD2}.Debug|Any CPU.Build.0 = Debug|Any CPU
		{A654D13E-CEC7-4CA4-A5DF-9D6664F4ACD2}.Release|Any CPU.ActiveCfg = Release|Any CPU
		{A654D13E-CEC7-4CA4-A5DF-9D6664F4ACD2}.Release|Any CPU.Build.0 = Release|Any CPU
		{A654D13E-CEC7-4CA4-A5DF-9D6664F4ACD2}.Test|Any CPU.ActiveCfg = Release|Any CPU
		{A654D13E-CEC7-4CA4-A5DF-9D6664F4ACD2}.Test|Any CPU.Build.0 = Release|Any CPU
		{8A47D945-6A65-4052-925A-670C1DBFF2C0}.Debug|Any CPU.ActiveCfg = Debug|Any CPU
		{8A47D945-6A65-4052-925A-670C1DBFF2C0}.Debug|Any CPU.Build.0 = Debug|Any CPU
		{8A47D945-6A65-4052-925A-670C1DBFF2C0}.Release|Any CPU.ActiveCfg = Release|Any CPU
		{8A47D945-6A65-4052-925A-670C1DBFF2C0}.Release|Any CPU.Build.0 = Release|Any CPU
		{8A47D945-6A65-4052-925A-670C1DBFF2C0}.Test|Any CPU.ActiveCfg = Release|Any CPU
		{8A47D945-6A65-4052-925A-670C1DBFF2C0}.Test|Any CPU.Build.0 = Release|Any CPU
		{70230A9D-66E9-45BA-A7AA-5B508BA53B0B}.Debug|Any CPU.ActiveCfg = Debug|Any CPU
		{70230A9D-66E9-45BA-A7AA-5B508BA53B0B}.Debug|Any CPU.Build.0 = Debug|Any CPU
		{70230A9D-66E9-45BA-A7AA-5B508BA53B0B}.Release|Any CPU.ActiveCfg = Release|Any CPU
		{70230A9D-66E9-45BA-A7AA-5B508BA53B0B}.Release|Any CPU.Build.0 = Release|Any CPU
		{70230A9D-66E9-45BA-A7AA-5B508BA53B0B}.Test|Any CPU.ActiveCfg = Release|Any CPU
		{70230A9D-66E9-45BA-A7AA-5B508BA53B0B}.Test|Any CPU.Build.0 = Release|Any CPU
	EndGlobalSection
	GlobalSection(SolutionProperties) = preSolution
		HideSolutionNode = FALSE
	EndGlobalSection
	GlobalSection(NestedProjects) = preSolution
		{557B0BE8-3BF6-4953-9436-9900BEC62E9E} = {2E083B56-E7D9-45F0-BC56-D608FF4E1BE6}
		{1FED74F2-8317-4828-BD1D-9B550CC78BC9} = {2E083B56-E7D9-45F0-BC56-D608FF4E1BE6}
		{D8CB9CE1-84F4-4367-96C8-125AA2C883DB} = {2E083B56-E7D9-45F0-BC56-D608FF4E1BE6}
		{49157883-568D-4D5F-B114-FDD61DD187B5} = {4A069A21-DB01-472E-B17C-3FFD537583B0}
		{A654D13E-CEC7-4CA4-A5DF-9D6664F4ACD2} = {4A069A21-DB01-472E-B17C-3FFD537583B0}
		{8A47D945-6A65-4052-925A-670C1DBFF2C0} = {FE16B91F-CCB4-466C-BFB2-49735C986A68}
		{70230A9D-66E9-45BA-A7AA-5B508BA53B0B} = {FE16B91F-CCB4-466C-BFB2-49735C986A68}
	EndGlobalSection
EndGlobal
